{
  "version": 4,
  "terraform_version": "1.14.3",
  "serial": 1,
  "lineage": "c8bff29b-512c-e664-b25e-7012d13a1ce7",
  "outputs": {},
  "resources": [
    {
      "mode": "managed",
      "type": "local_file",
      "name": "my_file",
      "provider": "provider[\"registry.terraform.io/hashicorp/local\"]",
      "instances": [
        {
          "schema_version": 0,
          "attributes": {
            "content": "Its time to go Hashi hashi",
            "content_base64": null,
            "content_base64sha256": "sXeSIRtNuJhMQ/ZErAmZJ7YZDPzBFZ5sIzYRPdyUZ40=",
            "content_base64sha512": "mmHf7SuPPRDy6rNBS7usQ9/lJetKBVgjDeEQcEyGMZE9oCtvvrDJh7nNC4+JAuqKkFAWvGZgL/JKiKiO4pWnSQ==",
            "content_md5": "a120ceadccbba7cfbb44af9079a97128",
            "content_sha1": "3c439754f2a0fc2fb8e45f8df7a3b261c2ee4d7f",
            "content_sha256": "b17792211b4db8984c43f644ac099927b6190cfcc1159e6c2336113ddc94678d",
            "content_sha512": "9a61dfed2b8f3d10f2eab3414bbbac43dfe525eb4a0558230de110704c8631913da02b6fbeb0c987b9cd0b8f8902ea8a905016bc66602ff24a88a88ee295a749",
            "directory_permission": "0777",
            "file_permission": "0777",
            "filename": "automated.txt",
            "id": "3c439754f2a0fc2fb8e45f8df7a3b261c2ee4d7f",
            "sensitive_content": null,
            "source": null
          },
          "sensitive_attributes": [
            [
              {
                "type": "get_attr",
                "value": "sensitive_content"
              }
            ]
          ],
          "identity_schema_version": 0
        }
      ]
    }
  ],
  "check_results": null
}
